
Microsoft Visual Studio Solution File, Format Version 12.00
# Visual Studio 2012
Project("{FAE04EC0-301F-11D3-BF4B-00C04F79EFBC}") = "ModRest", "ScadaRESTModule\ModRest.csproj", "{691AA09E-5C80-461E-8B65-A195D86F4812}"
	ProjectSection(ProjectDependencies) = postProject
		{24011917-1097-43AE-9B52-469DFC25BC47} = {24011917-1097-43AE-9B52-469DFC25BC47}
	EndProjectSection
EndProject
Project("{FAE04EC0-301F-11D3-BF4B-00C04F79EFBC}") = "ServiceLibrary", "ServiceLibrary\ServiceLibrary.csproj", "{24011917-1097-43AE-9B52-469DFC25BC47}"
	ProjectSection(ProjectDependencies) = postProject
		{C02BC42B-48E1-474D-82C6-B5B439A69354} = {C02BC42B-48E1-474D-82C6-B5B439A69354}
	EndProjectSection
EndProject
Project("{FAE04EC0-301F-11D3-BF4B-00C04F79EFBC}") = "Entity", "Entity\Entity.csproj", "{C02BC42B-48E1-474D-82C6-B5B439A69354}"
EndProject
Global
	GlobalSection(SolutionConfigurationPlatforms) = preSolution
		Debug|Any CPU = Debug|Any CPU
		Release|Any CPU = Release|Any CPU
	EndGlobalSection
	GlobalSection(ProjectConfigurationPlatforms) = postSolution
		{691AA09E-5C80-461E-8B65-A195D86F4812}.Debug|Any CPU.ActiveCfg = Debug|Any CPU
		{691AA09E-5C80-461E-8B65-A195D86F4812}.Debug|Any CPU.Build.0 = Debug|Any CPU
		{691AA09E-5C80-461E-8B65-A195D86F4812}.Release|Any CPU.ActiveCfg = Release|Any CPU
		{691AA09E-5C80-461E-8B65-A195D86F4812}.Release|Any CPU.Build.0 = Release|Any CPU
		{24011917-1097-43AE-9B52-469DFC25BC47}.Debug|Any CPU.ActiveCfg = Debug|Any CPU
		{24011917-1097-43AE-9B52-469DFC25BC47}.Debug|Any CPU.Build.0 = Debug|Any CPU
		{24011917-1097-43AE-9B52-469DFC25BC47}.Release|Any CPU.ActiveCfg = Release|Any CPU
		{24011917-1097-43AE-9B52-469DFC25BC47}.Release|Any CPU.Build.0 = Release|Any CPU
		{C02BC42B-48E1-474D-82C6-B5B439A69354}.Debug|Any CPU.ActiveCfg = Debug|Any CPU
		{C02BC42B-48E1-474D-82C6-B5B439A69354}.Debug|Any CPU.Build.0 = Debug|Any CPU
		{C02BC42B-48E1-474D-82C6-B5B439A69354}.Release|Any CPU.ActiveCfg = Release|Any CPU
		{C02BC42B-48E1-474D-82C6-B5B439A69354}.Release|Any CPU.Build.0 = Release|Any CPU
	EndGlobalSection
	GlobalSection(SolutionProperties) = preSolution
		HideSolutionNode = FALSE
	EndGlobalSection
EndGlobal
